// !$*UTF8*$!
{
	archiveVersion = 1;
	classes = {
	};
	objectVersion = 50;
	objects = {

/* Begin PBXBuildFile section */
		807C9A332662B31D006847C2 /* CombineFirebaseApp.swift in Sources */ = {isa = PBXBuildFile; fileRef = 807C9A322662B31D006847C2 /* CombineFirebaseApp.swift */; };
		807C9A352662B31D006847C2 /* ContentView.swift in Sources */ = {isa = PBXBuildFile; fileRef = 807C9A342662B31D006847C2 /* ContentView.swift */; };
		807C9A372662B321006847C2 /* Assets.xcassets in Resources */ = {isa = PBXBuildFile; fileRef = 807C9A362662B321006847C2 /* Assets.xcassets */; };
		807C9A3A2662B321006847C2 /* Preview Assets.xcassets in Resources */ = {isa = PBXBuildFile; fileRef = 807C9A392662B321006847C2 /* Preview Assets.xcassets */; };
		807C9A472662B9BD006847C2 /* Color.swift in Sources */ = {isa = PBXBuildFile; fileRef = 807C9A462662B9BD006847C2 /* Color.swift */; };
		807C9A4E2662B9EB006847C2 /* BackgroundAnimation.swift in Sources */ = {isa = PBXBuildFile; fileRef = 807C9A482662B9EA006847C2 /* BackgroundAnimation.swift */; };
		807C9A4F2662B9EB006847C2 /* AnketaSignIn.swift in Sources */ = {isa = PBXBuildFile; fileRef = 807C9A492662B9EA006847C2 /* AnketaSignIn.swift */; };
		807C9A502662B9EB006847C2 /* SignSelectButton.swift in Sources */ = {isa = PBXBuildFile; fileRef = 807C9A4A2662B9EA006847C2 /* SignSelectButton.swift */; };
		807C9A512662B9EB006847C2 /* AnketaSignUp.swift in Sources */ = {isa = PBXBuildFile; fileRef = 807C9A4B2662B9EB006847C2 /* AnketaSignUp.swift */; };
		807C9A522662B9EB006847C2 /* SignStyleButton.swift in Sources */ = {isa = PBXBuildFile; fileRef = 807C9A4C2662B9EB006847C2 /* SignStyleButton.swift */; };
		807C9A532662B9EB006847C2 /* BackgroundCard.swift in Sources */ = {isa = PBXBuildFile; fileRef = 807C9A4D2662B9EB006847C2 /* BackgroundCard.swift */; };
		807C9A572662DCE2006847C2 /* UserViewModel.swift in Sources */ = {isa = PBXBuildFile; fileRef = 807C9A562662DCE2006847C2 /* UserViewModel.swift */; };
		807C9A592662E929006847C2 /* TESTremoveTEST.swift in Sources */ = {isa = PBXBuildFile; fileRef = 807C9A582662E929006847C2 /* TESTremoveTEST.swift */; };
/* End PBXBuildFile section */

/* Begin PBXFileReference section */
		807C9A2F2662B31D006847C2 /* CombineFirebase.app */ = {isa = PBXFileReference; explicitFileType = wrapper.application; includeInIndex = 0; path = CombineFirebase.app; sourceTree = BUILT_PRODUCTS_DIR; };
		807C9A322662B31D006847C2 /* CombineFirebaseApp.swift */ = {isa = PBXFileReference; lastKnownFileType = sourcecode.swift; path = CombineFirebaseApp.swift; sourceTree = "<group>"; };
		807C9A342662B31D006847C2 /* ContentView.swift */ = {isa = PBXFileReference; lastKnownFileType = sourcecode.swift; path = ContentView.swift; sourceTree = "<group>"; };
		807C9A362662B321006847C2 /* Assets.xcassets */ = {isa = PBXFileReference; lastKnownFileType = folder.assetcatalog; path = Assets.xcassets; sourceTree = "<group>"; };
		807C9A392662B321006847C2 /* Preview Assets.xcassets */ = {isa = PBXFileReference; lastKnownFileType = folder.assetcatalog; path = "Preview Assets.xcassets"; sourceTree = "<group>"; };
		807C9A3B2662B321006847C2 /* Info.plist */ = {isa = PBXFileReference; lastKnownFileType = text.plist.xml; path = Info.plist; sourceTree = "<group>"; };
		807C9A462662B9BD006847C2 /* Color.swift */ = {isa = PBXFileReference; fileEncoding = 4; lastKnownFileType = sourcecode.swift; path = Color.swift; sourceTree = "<group>"; };
		807C9A482662B9EA006847C2 /* BackgroundAnimation.swift */ = {isa = PBXFileReference; fileEncoding = 4; lastKnownFileType = sourcecode.swift; path = BackgroundAnimation.swift; sourceTree = "<group>"; };
		807C9A492662B9EA006847C2 /* AnketaSignIn.swift */ = {isa = PBXFileReference; fileEncoding = 4; lastKnownFileType = sourcecode.swift; path = AnketaSignIn.swift; sourceTree = "<group>"; };
		807C9A4A2662B9EA006847C2 /* SignSelectButton.swift */ = {isa = PBXFileReference; fileEncoding = 4; lastKnownFileType = sourcecode.swift; path = SignSelectButton.swift; sourceTree = "<group>"; };
		807C9A4B2662B9EB006847C2 /* AnketaSignUp.swift */ = {isa = PBXFileReference; fileEncoding = 4; lastKnownFileType = sourcecode.swift; path = AnketaSignUp.swift; sourceTree = "<group>"; };
		807C9A4C2662B9EB006847C2 /* SignStyleButton.swift */ = {isa = PBXFileReference; fileEncoding = 4; lastKnownFileType = sourcecode.swift; path = SignStyleButton.swift; sourceTree = "<group>"; };
		807C9A4D2662B9EB006847C2 /* BackgroundCard.swift */ = {isa = PBXFileReference; fileEncoding = 4; lastKnownFileType = sourcecode.swift; path = BackgroundCard.swift; sourceTree = "<group>"; };
		807C9A562662DCE2006847C2 /* UserViewModel.swift */ = {isa = PBXFileReference; lastKnownFileType = sourcecode.swift; path = UserViewModel.swift; sourceTree = "<group>"; };
		807C9A582662E929006847C2 /* TESTremoveTEST.swift */ = {isa = PBXFileReference; lastKnownFileType = sourcecode.swift; path = TESTremoveTEST.swift; sourceTree = "<group>"; };
/* End PBXFileReference section */

/* Begin PBXFrameworksBuildPhase section */
		807C9A2C2662B31D006847C2 /* Frameworks */ = {
			isa = PBXFrameworksBuildPhase;
			buildActionMask = 2147483647;
			files = (
			);
			runOnlyForDeploymentPostprocessing = 0;
		};
/* End PBXFrameworksBuildPhase section */

/* Begin PBXGroup section */
		807C9A262662B31D006847C2 = {
			isa = PBXGroup;
			children = (
				807C9A312662B31D006847C2 /* CombineFirebase */,
				807C9A302662B31D006847C2 /* Products */,
			);
			sourceTree = "<group>";
		};
		807C9A302662B31D006847C2 /* Products */ = {
			isa = PBXGroup;
			children = (
				807C9A2F2662B31D006847C2 /* CombineFirebase.app */,
			);
			name = Products;
			sourceTree = "<group>";
		};
		807C9A312662B31D006847C2 /* CombineFirebase */ = {
			isa = PBXGroup;
			children = (
				807C9A322662B31D006847C2 /* CombineFirebaseApp.swift */,
				807C9A582662E929006847C2 /* TESTremoveTEST.swift */,
				807C9A432662B94B006847C2 /* Model */,
				807C9A442662B952006847C2 /* ViewModel */,
				807C9A422662B93D006847C2 /* View */,
				807C9A452662B9A4006847C2 /* Extension */,
				807C9A412662B480006847C2 /* System32 */,
			);
			path = CombineFirebase;
			sourceTree = "<group>";
		};
		807C9A382662B321006847C2 /* Preview Content */ = {
			isa = PBXGroup;
			children = (
				807C9A392662B321006847C2 /* Preview Assets.xcassets */,
			);
			path = "Preview Content";
			sourceTree = "<group>";
		};
		807C9A412662B480006847C2 /* System32 */ = {
			isa = PBXGroup;
			children = (
				807C9A362662B321006847C2 /* Assets.xcassets */,
				807C9A3B2662B321006847C2 /* Info.plist */,
				807C9A382662B321006847C2 /* Preview Content */,
			);
			path = System32;
			sourceTree = "<group>";
		};
		807C9A422662B93D006847C2 /* View */ = {
			isa = PBXGroup;
			children = (
				807C9A342662B31D006847C2 /* ContentView.swift */,
				807C9A492662B9EA006847C2 /* AnketaSignIn.swift */,
				807C9A4B2662B9EB006847C2 /* AnketaSignUp.swift */,
				807C9A482662B9EA006847C2 /* BackgroundAnimation.swift */,
				807C9A4D2662B9EB006847C2 /* BackgroundCard.swift */,
				807C9A4A2662B9EA006847C2 /* SignSelectButton.swift */,
				807C9A4C2662B9EB006847C2 /* SignStyleButton.swift */,
			);
			path = View;
			sourceTree = "<group>";
		};
		807C9A432662B94B006847C2 /* Model */ = {
			isa = PBXGroup;
			children = (
			);
			path = Model;
			sourceTree = "<group>";
		};
		807C9A442662B952006847C2 /* ViewModel */ = {
			isa = PBXGroup;
			children = (
				807C9A562662DCE2006847C2 /* UserViewModel.swift */,
			);
			path = ViewModel;
			sourceTree = "<group>";
		};
		807C9A452662B9A4006847C2 /* Extension */ = {
			isa = PBXGroup;
			children = (
				807C9A462662B9BD006847C2 /* Color.swift */,
			);
			path = Extension;
			sourceTree = "<group>";
		};
/* End PBXGroup section */

/* Begin PBXNativeTarget section */
		807C9A2E2662B31D006847C2 /* CombineFirebase */ = {
			isa = PBXNativeTarget;
			buildConfigurationList = 807C9A3E2662B321006847C2 /* Build configuration list for PBXNativeTarget "CombineFirebase" */;
			buildPhases = (
				807C9A2B2662B31D006847C2 /* Sources */,
				807C9A2C2662B31D006847C2 /* Frameworks */,
				807C9A2D2662B31D006847C2 /* Resources */,
			);
			buildRules = (
			);
			dependencies = (
			);
			name = CombineFirebase;
			productName = CombineFirebase;
			productReference = 807C9A2F2662B31D006847C2 /* CombineFirebase.app */;
			productType = "com.apple.product-type.application";
		};
/* End PBXNativeTarget section */

/* Begin PBXProject section */
		807C9A272662B31D006847C2 /* Project object */ = {
			isa = PBXProject;
			attributes = {
				LastSwiftUpdateCheck = 1250;
				LastUpgradeCheck = 1250;
				TargetAttributes = {
					807C9A2E2662B31D006847C2 = {
						CreatedOnToolsVersion = 12.5;
					};
				};
			};
			buildConfigurationList = 807C9A2A2662B31D006847C2 /* Build configuration list for PBXProject "CombineFirebase" */;
			compatibilityVersion = "Xcode 9.3";
			developmentRegion = en;
			hasScannedForEncodings = 0;
			knownRegions = (
				en,
				Base,
			);
			mainGroup = 807C9A262662B31D006847C2;
			productRefGroup = 807C9A302662B31D006847C2 /* Products */;
			projectDirPath = "";
			projectRoot = "";
			targets = (
				807C9A2E2662B31D006847C2 /* CombineFirebase */,
			);
		};
/* End PBXProject section */

/* Begin PBXResourcesBuildPhase section */
		807C9A2D2662B31D006847C2 /* Resources */ = {
			isa = PBXResourcesBuildPhase;
			buildActionMask = 2147483647;
			files = (
				807C9A3A2662B321006847C2 /* Preview Assets.xcassets in Resources */,
				807C9A372662B321006847C2 /* Assets.xcassets in Resources */,
			);
			runOnlyForDeploymentPostprocessing = 0;
		};
/* End PBXResourcesBuildPhase section */

/* Begin PBXSourcesBuildPhase section */
		807C9A2B2662B31D006847C2 /* Sources */ = {
			isa = PBXSourcesBuildPhase;
			buildActionMask = 2147483647;
			files = (
				807C9A512662B9EB006847C2 /* AnketaSignUp.swift in Sources */,
				807C9A502662B9EB006847C2 /* SignSelectButton.swift in Sources */,
				807C9A4E2662B9EB006847C2 /* BackgroundAnimation.swift in Sources */,
				807C9A572662DCE2006847C2 /* UserViewModel.swift in Sources */,
				807C9A352662B31D006847C2 /* ContentView.swift in Sources */,
				807C9A592662E929006847C2 /* TESTremoveTEST.swift in Sources */,
				807C9A532662B9EB006847C2 /* BackgroundCard.swift in Sources */,
				807C9A332662B31D006847C2 /* CombineFirebaseApp.swift in Sources */,
				807C9A4F2662B9EB006847C2 /* AnketaSignIn.swift in Sources */,
				807C9A522662B9EB006847C2 /* SignStyleButton.swift in Sources */,
				807C9A472662B9BD006847C2 /* Color.swift in Sources */,
			);
			runOnlyForDeploymentPostprocessing = 0;
		};
/* End PBXSourcesBuildPhase section */

/* Begin XCBuildConfiguration section */
		807C9A3C2662B321006847C2 /* Debug */ = {
			isa = XCBuildConfiguration;
			buildSettings = {
				ALWAYS_SEARCH_USER_PATHS = NO;
				CLANG_ANALYZER_NONNULL = YES;
				CLANG_ANALYZER_NUMBER_OBJECT_CONVERSION = YES_AGGRESSIVE;
				CLANG_CXX_LANGUAGE_STANDARD = "gnu++14";
				CLANG_CXX_LIBRARY = "libc++";
				CLANG_ENABLE_MODULES = YES;
				CLANG_ENABLE_OBJC_ARC = YES;
				CLANG_ENABLE_OBJC_WEAK = YES;
				CLANG_WARN_BLOCK_CAPTURE_AUTORELEASING = YES;
				CLANG_WARN_BOOL_CONVERSION = YES;
				CLANG_WARN_COMMA = YES;
				CLANG_WARN_CONSTANT_CONVERSION = YES;
				CLANG_WARN_DEPRECATED_OBJC_IMPLEMENTATIONS = YES;
				CLANG_WARN_DIRECT_OBJC_ISA_USAGE = YES_ERROR;
				CLANG_WARN_DOCUMENTATION_COMMENTS = YES;
				CLANG_WARN_EMPTY_BODY = YES;
				CLANG_WARN_ENUM_CONVERSION = YES;
				CLANG_WARN_INFINITE_RECURSION = YES;
				CLANG_WARN_INT_CONVERSION = YES;
				CLANG_WARN_NON_LITERAL_NULL_CONVERSION = YES;
				CLANG_WARN_OBJC_IMPLICIT_RETAIN_SELF = YES;
				CLANG_WARN_OBJC_LITERAL_CONVERSION = YES;
				CLANG_WARN_OBJC_ROOT_CLASS = YES_ERROR;
				CLANG_WARN_QUOTED_INCLUDE_IN_FRAMEWORK_HEADER = YES;
				CLANG_WARN_RANGE_LOOP_ANALYSIS = YES;
				CLANG_WARN_STRICT_PROTOTYPES = YES;
				CLANG_WARN_SUSPICIOUS_MOVE = YES;
				CLANG_WARN_UNGUARDED_AVAILABILITY = YES_AGGRESSIVE;
				CLANG_WARN_UNREACHABLE_CODE = YES;
				CLANG_WARN__DUPLICATE_METHOD_MATCH = YES;
				COPY_PHASE_STRIP = NO;
				DEBUG_INFORMATION_FORMAT = dwarf;
				ENABLE_STRICT_OBJC_MSGSEND = YES;
				ENABLE_TESTABILITY = YES;
				GCC_C_LANGUAGE_STANDARD = gnu11;
				GCC_DYNAMIC_NO_PIC = NO;
				GCC_NO_COMMON_BLOCKS = YES;
				GCC_OPTIMIZATION_LEVEL = 0;
				GCC_PREPROCESSOR_DEFINITIONS = (
					"DEBUG=1",
					"$(inherited)",
				);
				GCC_WARN_64_TO_32_BIT_CONVERSION = YES;
				GCC_WARN_ABOUT_RETURN_TYPE = YES_ERROR;
				GCC_WARN_UNDECLARED_SELECTOR = YES;
				GCC_WARN_UNINITIALIZED_AUTOS = YES_AGGRESSIVE;
				GCC_WARN_UNUSED_FUNCTION = YES;
				GCC_WARN_UNUSED_VARIABLE = YES;
				IPHONEOS_DEPLOYMENT_TARGET = 14.5;
				MTL_ENABLE_DEBUG_INFO = INCLUDE_SOURCE;
				MTL_FAST_MATH = YES;
				ONLY_ACTIVE_ARCH = YES;
				SDKROOT = iphoneos;
				SWIFT_ACTIVE_COMPILATION_CONDITIONS = DEBUG;
				SWIFT_OPTIMIZATION_LEVEL = "-Onone";
			};
			name = Debug;
		};
		807C9A3D2662B321006847C2 /* Release */ = {
			isa = XCBuildConfiguration;
			buildSettings = {
				ALWAYS_SEARCH_USER_PATHS = NO;
				CLANG_ANALYZER_NONNULL = YES;
				CLANG_ANALYZER_NUMBER_OBJECT_CONVERSION = YES_AGGRESSIVE;
				CLANG_CXX_LANGUAGE_STANDARD = "gnu++14";
				CLANG_CXX_LIBRARY = "libc++";
				CLANG_ENABLE_MODULES = YES;
				CLANG_ENABLE_OBJC_ARC = YES;
				CLANG_ENABLE_OBJC_WEAK = YES;
				CLANG_WARN_BLOCK_CAPTURE_AUTORELEASING = YES;
				CLANG_WARN_BOOL_CONVERSION = YES;
				CLANG_WARN_COMMA = YES;
				CLANG_WARN_CONSTANT_CONVERSION = YES;
				CLANG_WARN_DEPRECATED_OBJC_IMPLEMENTATIONS = YES;
				CLANG_WARN_DIRECT_OBJC_ISA_USAGE = YES_ERROR;
				CLANG_WARN_DOCUMENTATION_COMMENTS = YES;
				CLANG_WARN_EMPTY_BODY = YES;
				CLANG_WARN_ENUM_CONVERSION = YES;
				CLANG_WARN_INFINITE_RECURSION = YES;
				CLANG_WARN_INT_CONVERSION = YES;
				CLANG_WARN_NON_LITERAL_NULL_CONVERSION = YES;
				CLANG_WARN_OBJC_IMPLICIT_RETAIN_SELF = YES;
				CLANG_WARN_OBJC_LITERAL_CONVERSION = YES;
				CLANG_WARN_OBJC_ROOT_CLASS = YES_ERROR;
				CLANG_WARN_QUOTED_INCLUDE_IN_FRAMEWORK_HEADER = YES;
				CLANG_WARN_RANGE_LOOP_ANALYSIS = YES;
				CLANG_WARN_STRICT_PROTOTYPES = YES;
				CLANG_WARN_SUSPICIOUS_MOVE = YES;
				CLANG_WARN_UNGUARDED_AVAILABILITY = YES_AGGRESSIVE;
				CLANG_WARN_UNREACHABLE_CODE = YES;
				CLANG_WARN__DUPLICATE_METHOD_MATCH = YES;
				COPY_PHASE_STRIP = NO;
				DEBUG_INFORMATION_FORMAT = "dwarf-with-dsym";
				ENABLE_NS_ASSERTIONS = NO;
				ENABLE_STRICT_OBJC_MSGSEND = YES;
				GCC_C_LANGUAGE_STANDARD = gnu11;
				GCC_NO_COMMON_BLOCKS = YES;
				GCC_WARN_64_TO_32_BIT_CONVERSION = YES;
				GCC_WARN_ABOUT_RETURN_TYPE = YES_ERROR;
				GCC_WARN_UNDECLARED_SELECTOR = YES;
				GCC_WARN_UNINITIALIZED_AUTOS = YES_AGGRESSIVE;
				GCC_WARN_UNUSED_FUNCTION = YES;
				GCC_WARN_UNUSED_VARIABLE = YES;
				IPHONEOS_DEPLOYMENT_TARGET = 14.5;
				MTL_ENABLE_DEBUG_INFO = NO;
				MTL_FAST_MATH = YES;
				SDKROOT = iphoneos;
				SWIFT_COMPILATION_MODE = wholemodule;
				SWIFT_OPTIMIZATION_LEVEL = "-O";
				VALIDATE_PRODUCT = YES;
			};
			name = Release;
		};
		807C9A3F2662B321006847C2 /* Debug */ = {
			isa = XCBuildConfiguration;
			buildSettings = {
				ASSETCATALOG_COMPILER_APPICON_NAME = AppIcon;
				ASSETCATALOG_COMPILER_GLOBAL_ACCENT_COLOR_NAME = AccentColor;
				CODE_SIGN_STYLE = Automatic;
				DEVELOPMENT_ASSET_PATHS = "\"CombineFirebase/System32/Preview Content\"";
				DEVELOPMENT_TEAM = 879U287R5Q;
				ENABLE_PREVIEWS = YES;
				INFOPLIST_FILE = CombineFirebase/System32/Info.plist;
				IPHONEOS_DEPLOYMENT_TARGET = 14.0;
				LD_RUNPATH_SEARCH_PATHS = (
					"$(inherited)",
					"@executable_path/Frameworks",
				);
				PRODUCT_BUNDLE_IDENTIFIER = ihValery.CombineFirebase;
				PRODUCT_NAME = "$(TARGET_NAME)";
				SWIFT_VERSION = 5.0;
				TARGETED_DEVICE_FAMILY = "1,2";
			};
			name = Debug;
		};
		807C9A402662B321006847C2 /* Release */ = {
			isa = XCBuildConfiguration;
			buildSettings = {
				ASSETCATALOG_COMPILER_APPICON_NAME = AppIcon;
				ASSETCATALOG_COMPILER_GLOBAL_ACCENT_COLOR_NAME = AccentColor;
				CODE_SIGN_STYLE = Automatic;
				DEVELOPMENT_ASSET_PATHS = "\"CombineFirebase/System32/Preview Content\"";
				DEVELOPMENT_TEAM = 879U287R5Q;
				ENABLE_PREVIEWS = YES;
				INFOPLIST_FILE = CombineFirebase/System32/Info.plist;
				IPHONEOS_DEPLOYMENT_TARGET = 14.0;
				LD_RUNPATH_SEARCH_PATHS = (
					"$(inherited)",
					"@executable_path/Frameworks",
				);
				PRODUCT_BUNDLE_IDENTIFIER = ihValery.CombineFirebase;
				PRODUCT_NAME = "$(TARGET_NAME)";
				SWIFT_VERSION = 5.0;
				TARGETED_DEVICE_FAMILY = "1,2";
			};
			name = Release;
		};
/* End XCBuildConfiguration section */

/* Begin XCConfigurationList section */
		807C9A2A2662B31D006847C2 /* Build configuration list for PBXProject "CombineFirebase" */ = {
			isa = XCConfigurationList;
			buildConfigurations = (
				807C9A3C2662B321006847C2 /* Debug */,
				807C9A3D2662B321006847C2 /* Release */,
			);
			defaultConfigurationIsVisible = 0;
			defaultConfigurationName = Release;
		};
		807C9A3E2662B321006847C2 /* Build configuration list for PBXNativeTarget "CombineFirebase" */ = {
			isa = XCConfigurationList;
			buildConfigurations = (
				807C9A3F2662B321006847C2 /* Debug */,
				807C9A402662B321006847C2 /* Release */,
			);
			defaultConfigurationIsVisible = 0;
			defaultConfigurationName = Release;
		};
/* End XCConfigurationList section */
	};
	rootObject = 807C9A272662B31D006847C2 /* Project object */;
}
